
Microsoft Visual Studio Solution File, Format Version 12.00
# Visual Studio 2013
VisualStudioVersion = 12.0.31101.0
MinimumVisualStudioVersion = 10.0.40219.1
Project("{FAE04EC0-301F-11D3-BF4B-00C04F79EFBC}") = "MyeBlog", "..\MyBlog\MyeBlog\MyeBlog.csproj", "{D8555B0A-07DE-419D-905C-C9A62745EF31}"
EndProject
Project("{FAE04EC0-301F-11D3-BF4B-00C04F79EFBC}") = "MyBloge.Core", "..\MyBlog\MyBloge.Core\MyBloge.Core.csproj", "{7CE7D4D5-29F0-463F-8CB8-EC393A2693AC}"
EndProject
Global
	GlobalSection(SolutionConfigurationPlatforms) = preSolution
		Debug|Any CPU = Debug|Any CPU
		Release|Any CPU = Release|Any CPU
	EndGlobalSection
	GlobalSection(ProjectConfigurationPlatforms) = postSolution
		{D8555B0A-07DE-419D-905C-C9A62745EF31}.Debug|Any CPU.ActiveCfg = Debug|Any CPU
		{D8555B0A-07DE-419D-905C-C9A62745EF31}.Debug|Any CPU.Build.0 = Debug|Any CPU
		{D8555B0A-07DE-419D-905C-C9A62745EF31}.Release|Any CPU.ActiveCfg = Release|Any CPU
		{D8555B0A-07DE-419D-905C-C9A62745EF31}.Release|Any CPU.Build.0 = Release|Any CPU
		{7CE7D4D5-29F0-463F-8CB8-EC393A2693AC}.Debug|Any CPU.ActiveCfg = Debug|Any CPU
		{7CE7D4D5-29F0-463F-8CB8-EC393A2693AC}.Debug|Any CPU.Build.0 = Debug|Any CPU
		{7CE7D4D5-29F0-463F-8CB8-EC393A2693AC}.Release|Any CPU.ActiveCfg = Release|Any CPU
		{7CE7D4D5-29F0-463F-8CB8-EC393A2693AC}.Release|Any CPU.Build.0 = Release|Any CPU
	EndGlobalSection
	GlobalSection(SolutionProperties) = preSolution
		HideSolutionNode = FALSE
	EndGlobalSection
EndGlobal
